{
  "originHash" : "8dfddde63ee2cc692336d2f09237e6c55a26c918dfb620839de85de6df0b257c",
  "pins" : [
    {
      "identity" : "hotkey",
      "kind" : "remoteSourceControl",
      "location" : "https://ghfast.top/https://github.com/soffes/HotKey",
      "state" : {
        "revision" : "a3cf605d7a96f6ff50e04fcb6dea6e2613cfcbe4",
        "version" : "0.2.1"
      }
    }
  ],
  "version" : 3
}
